
Microsoft Visual Studio Solution File, Format Version 12.00
# Visual Studio Version 17
VisualStudioVersion = 17.5.33516.290
MinimumVisualStudioVersion = 10.0.40219.1
Project("{9A19103F-16F7-4668-BE54-9A1E7A4F7556}") = "ServicesStore.Api.Author", "ServicesStore.Api.Author\ServicesStore.Api.Author.csproj", "{F861EE45-D313-4376-8D5E-9D6918DD5C35}"
EndProject
Project("{9A19103F-16F7-4668-BE54-9A1E7A4F7556}") = "ServicesStore.Api.Book", "ServicesStore.Api.Book\ServicesStore.Api.Book.csproj", "{8EF04A36-B139-442E-A990-686979C0F490}"
EndProject
Project("{9A19103F-16F7-4668-BE54-9A1E7A4F7556}") = "ServicesStore.Api.Basket", "ServicesStore.Api.Basket\ServicesStore.Api.Basket.csproj", "{8962C1C2-E0E1-44AC-A41E-FC6A15681E45}"
EndProject
Project("{FAE04EC0-301F-11D3-BF4B-00C04F79EFBC}") = "ServicesStore.Api.Book.Tests", "ServicesStore.ApiBook.Tests\ServicesStore.Api.Book.Tests.csproj", "{9FEEFFC0-AA86-4302-9709-B8645A616421}"
EndProject
Global
	GlobalSection(SolutionConfigurationPlatforms) = preSolution
		Debug|Any CPU = Debug|Any CPU
		Release|Any CPU = Release|Any CPU
	EndGlobalSection
	GlobalSection(ProjectConfigurationPlatforms) = postSolution
		{F861EE45-D313-4376-8D5E-9D6918DD5C35}.Debug|Any CPU.ActiveCfg = Debug|Any CPU
		{F861EE45-D313-4376-8D5E-9D6918DD5C35}.Debug|Any CPU.Build.0 = Debug|Any CPU
		{F861EE45-D313-4376-8D5E-9D6918DD5C35}.Release|Any CPU.ActiveCfg = Release|Any CPU
		{F861EE45-D313-4376-8D5E-9D6918DD5C35}.Release|Any CPU.Build.0 = Release|Any CPU
		{8EF04A36-B139-442E-A990-686979C0F490}.Debug|Any CPU.ActiveCfg = Debug|Any CPU
		{8EF04A36-B139-442E-A990-686979C0F490}.Debug|Any CPU.Build.0 = Debug|Any CPU
		{8EF04A36-B139-442E-A990-686979C0F490}.Release|Any CPU.ActiveCfg = Release|Any CPU
		{8EF04A36-B139-442E-A990-686979C0F490}.Release|Any CPU.Build.0 = Release|Any CPU
		{8962C1C2-E0E1-44AC-A41E-FC6A15681E45}.Debug|Any CPU.ActiveCfg = Debug|Any CPU
		{8962C1C2-E0E1-44AC-A41E-FC6A15681E45}.Debug|Any CPU.Build.0 = Debug|Any CPU
		{8962C1C2-E0E1-44AC-A41E-FC6A15681E45}.Release|Any CPU.ActiveCfg = Release|Any CPU
		{8962C1C2-E0E1-44AC-A41E-FC6A15681E45}.Release|Any CPU.Build.0 = Release|Any CPU
		{9FEEFFC0-AA86-4302-9709-B8645A616421}.Debug|Any CPU.ActiveCfg = Debug|Any CPU
		{9FEEFFC0-AA86-4302-9709-B8645A616421}.Debug|Any CPU.Build.0 = Debug|Any CPU
		{9FEEFFC0-AA86-4302-9709-B8645A616421}.Release|Any CPU.ActiveCfg = Release|Any CPU
		{9FEEFFC0-AA86-4302-9709-B8645A616421}.Release|Any CPU.Build.0 = Release|Any CPU
	EndGlobalSection
	GlobalSection(SolutionProperties) = preSolution
		HideSolutionNode = FALSE
	EndGlobalSection
	GlobalSection(ExtensibilityGlobals) = postSolution
		SolutionGuid = {7CCD36A1-C009-4CC9-801D-06DBF9D2E6BC}
	EndGlobalSection
EndGlobal
